// !$*UTF8*$!
{
	archiveVersion = 1;
	classes = {
	};
	objectVersion = 46;
	objects = {

/* Begin PBXBuildFile section */
		665FE93C1E64CD0600886555 /* main.cpp in Sources */ = {isa = PBXBuildFile; fileRef = 665FE93B1E64CD0600886555 /* main.cpp */; };
		665FE9461E64CE8B00886555 /* libGLEW.2.0.0.dylib in Frameworks */ = {isa = PBXBuildFile; fileRef = 665FE9451E64CE8B00886555 /* libGLEW.2.0.0.dylib */; };
		665FE9481E64CEB200886555 /* libglfw.3.2.dylib in Frameworks */ = {isa = PBXBuildFile; fileRef = 665FE9471E64CEB100886555 /* libglfw.3.2.dylib */; };
		665FE94A1E64CF0C00886555 /* OpenGL.framework in Frameworks */ = {isa = PBXBuildFile; fileRef = 665FE9491E64CF0C00886555 /* OpenGL.framework */; };
/* End PBXBuildFile section */

/* Begin PBXCopyFilesBuildPhase section */
		665FE9361E64CD0600886555 /* CopyFiles */ = {
			isa = PBXCopyFilesBuildPhase;
			buildActionMask = 2147483647;
			dstPath = /usr/share/man/man1/;
			dstSubfolderSpec = 0;
			files = (
			);
			runOnlyForDeploymentPostprocessing = 1;
		};
/* End PBXCopyFilesBuildPhase section */

/* Begin PBXFileReference section */
		664EA9141E762D8D001FD27A /* first_pass.frag */ = {isa = PBXFileReference; fileEncoding = 4; lastKnownFileType = sourcecode.glsl; path = first_pass.frag; sourceTree = "<group>"; };
		664EA9151E762D8D001FD27A /* first_pass.vs */ = {isa = PBXFileReference; fileEncoding = 4; lastKnownFileType = sourcecode.glsl; path = first_pass.vs; sourceTree = "<group>"; };
		664EA9161E76310A001FD27A /* second_pass.frag */ = {isa = PBXFileReference; fileEncoding = 4; lastKnownFileType = sourcecode.glsl; path = second_pass.frag; sourceTree = "<group>"; };
		664EA9171E76310A001FD27A /* second_pass.vs */ = {isa = PBXFileReference; fileEncoding = 4; lastKnownFileType = sourcecode.glsl; path = second_pass.vs; sourceTree = "<group>"; };
		665FE9381E64CD0600886555 /* EEC277_Project */ = {isa = PBXFileReference; explicitFileType = "compiled.mach-o.executable"; includeInIndex = 0; path = EEC277_Project; sourceTree = BUILT_PRODUCTS_DIR; };
		665FE93B1E64CD0600886555 /* main.cpp */ = {isa = PBXFileReference; lastKnownFileType = sourcecode.cpp.cpp; path = main.cpp; sourceTree = "<group>"; };
		665FE9451E64CE8B00886555 /* libGLEW.2.0.0.dylib */ = {isa = PBXFileReference; lastKnownFileType = "compiled.mach-o.dylib"; name = libGLEW.2.0.0.dylib; path = ../../../../../usr/local/lib/libGLEW.2.0.0.dylib; sourceTree = "<group>"; };
		665FE9471E64CEB100886555 /* libglfw.3.2.dylib */ = {isa = PBXFileReference; lastKnownFileType = "compiled.mach-o.dylib"; name = libglfw.3.2.dylib; path = ../../../../../usr/local/lib/libglfw.3.2.dylib; sourceTree = "<group>"; };
		665FE9491E64CF0C00886555 /* OpenGL.framework */ = {isa = PBXFileReference; lastKnownFileType = wrapper.framework; name = OpenGL.framework; path = System/Library/Frameworks/OpenGL.framework; sourceTree = SDKROOT; };
		665FE94B1E64D01B00886555 /* camera.h */ = {isa = PBXFileReference; fileEncoding = 4; lastKnownFileType = sourcecode.c.h; path = camera.h; sourceTree = "<group>"; };
		665FE94C1E64D01B00886555 /* shader.h */ = {isa = PBXFileReference; fileEncoding = 4; lastKnownFileType = sourcecode.c.h; path = shader.h; sourceTree = "<group>"; };
/* End PBXFileReference section */

/* Begin PBXFrameworksBuildPhase section */
		665FE9351E64CD0600886555 /* Frameworks */ = {
			isa = PBXFrameworksBuildPhase;
			buildActionMask = 2147483647;
			files = (
				665FE94A1E64CF0C00886555 /* OpenGL.framework in Frameworks */,
				665FE9481E64CEB200886555 /* libglfw.3.2.dylib in Frameworks */,
				665FE9461E64CE8B00886555 /* libGLEW.2.0.0.dylib in Frameworks */,
			);
			runOnlyForDeploymentPostprocessing = 0;
		};
/* End PBXFrameworksBuildPhase section */

/* Begin PBXGroup section */
		665FE92F1E64CD0600886555 = {
			isa = PBXGroup;
			children = (
				665FE93A1E64CD0600886555 /* EEC277_Project */,
				665FE9391E64CD0600886555 /* Products */,
				665FE9421E64CE6700886555 /* Frameworks */,
			);
			sourceTree = "<group>";
		};
		665FE9391E64CD0600886555 /* Products */ = {
			isa = PBXGroup;
			children = (
				665FE9381E64CD0600886555 /* EEC277_Project */,
			);
			name = Products;
			sourceTree = "<group>";
		};
		665FE93A1E64CD0600886555 /* EEC277_Project */ = {
			isa = PBXGroup;
			children = (
				664EA9161E76310A001FD27A /* second_pass.frag */,
				664EA9171E76310A001FD27A /* second_pass.vs */,
				664EA9141E762D8D001FD27A /* first_pass.frag */,
				664EA9151E762D8D001FD27A /* first_pass.vs */,
				665FE94B1E64D01B00886555 /* camera.h */,
				665FE94C1E64D01B00886555 /* shader.h */,
				665FE93B1E64CD0600886555 /* main.cpp */,
			);
			path = EEC277_Project;
			sourceTree = "<group>";
		};
		665FE9421E64CE6700886555 /* Frameworks */ = {
			isa = PBXGroup;
			children = (
				665FE9491E64CF0C00886555 /* OpenGL.framework */,
				665FE9471E64CEB100886555 /* libglfw.3.2.dylib */,
				665FE9451E64CE8B00886555 /* libGLEW.2.0.0.dylib */,
			);
			name = Frameworks;
			sourceTree = "<group>";
		};
/* End PBXGroup section */

/* Begin PBXNativeTarget section */
		665FE9371E64CD0600886555 /* EEC277_Project */ = {
			isa = PBXNativeTarget;
			buildConfigurationList = 665FE93F1E64CD0600886555 /* Build configuration list for PBXNativeTarget "EEC277_Project" */;
			buildPhases = (
				665FE9341E64CD0600886555 /* Sources */,
				665FE9351E64CD0600886555 /* Frameworks */,
				665FE9361E64CD0600886555 /* CopyFiles */,
			);
			buildRules = (
			);
			dependencies = (
			);
			name = EEC277_Project;
			productName = EEC277_Project;
			productReference = 665FE9381E64CD0600886555 /* EEC277_Project */;
			productType = "com.apple.product-type.tool";
		};
/* End PBXNativeTarget section */

/* Begin PBXProject section */
		665FE9301E64CD0600886555 /* Project object */ = {
			isa = PBXProject;
			attributes = {
				LastUpgradeCheck = 0800;
				ORGANIZATIONNAME = ZhongyiLin;
				TargetAttributes = {
					665FE9371E64CD0600886555 = {
						CreatedOnToolsVersion = 8.0;
						DevelopmentTeam = BGK9MRGT49;
						ProvisioningStyle = Automatic;
					};
				};
			};
			buildConfigurationList = 665FE9331E64CD0600886555 /* Build configuration list for PBXProject "EEC277_Project" */;
			compatibilityVersion = "Xcode 3.2";
			developmentRegion = English;
			hasScannedForEncodings = 0;
			knownRegions = (
				en,
			);
			mainGroup = 665FE92F1E64CD0600886555;
			productRefGroup = 665FE9391E64CD0600886555 /* Products */;
			projectDirPath = "";
			projectRoot = "";
			targets = (
				665FE9371E64CD0600886555 /* EEC277_Project */,
			);
		};
/* End PBXProject section */

/* Begin PBXSourcesBuildPhase section */
		665FE9341E64CD0600886555 /* Sources */ = {
			isa = PBXSourcesBuildPhase;
			buildActionMask = 2147483647;
			files = (
				665FE93C1E64CD0600886555 /* main.cpp in Sources */,
			);
			runOnlyForDeploymentPostprocessing = 0;
		};
/* End PBXSourcesBuildPhase section */

/* Begin XCBuildConfiguration section */
		665FE93D1E64CD0600886555 /* Debug */ = {
			isa = XCBuildConfiguration;
			buildSettings = {
				ALWAYS_SEARCH_USER_PATHS = NO;
				CLANG_ANALYZER_NONNULL = YES;
				CLANG_CXX_LANGUAGE_STANDARD = "gnu++0x";
				CLANG_CXX_LIBRARY = "libc++";
				CLANG_ENABLE_MODULES = YES;
				CLANG_ENABLE_OBJC_ARC = YES;
				CLANG_WARN_BOOL_CONVERSION = YES;
				CLANG_WARN_CONSTANT_CONVERSION = YES;
				CLANG_WARN_DIRECT_OBJC_ISA_USAGE = YES_ERROR;
				CLANG_WARN_DOCUMENTATION_COMMENTS = YES;
				CLANG_WARN_EMPTY_BODY = YES;
				CLANG_WARN_ENUM_CONVERSION = YES;
				CLANG_WARN_INFINITE_RECURSION = YES;
				CLANG_WARN_INT_CONVERSION = YES;
				CLANG_WARN_OBJC_ROOT_CLASS = YES_ERROR;
				CLANG_WARN_SUSPICIOUS_MOVES = YES;
				CLANG_WARN_UNREACHABLE_CODE = YES;
				CLANG_WARN__DUPLICATE_METHOD_MATCH = YES;
				CODE_SIGN_IDENTITY = "-";
				COPY_PHASE_STRIP = NO;
				DEBUG_INFORMATION_FORMAT = dwarf;
				ENABLE_STRICT_OBJC_MSGSEND = YES;
				ENABLE_TESTABILITY = YES;
				GCC_C_LANGUAGE_STANDARD = gnu99;
				GCC_DYNAMIC_NO_PIC = NO;
				GCC_NO_COMMON_BLOCKS = YES;
				GCC_OPTIMIZATION_LEVEL = 0;
				GCC_PREPROCESSOR_DEFINITIONS = (
					"DEBUG=1",
					"$(inherited)",
				);
				GCC_WARN_64_TO_32_BIT_CONVERSION = YES;
				GCC_WARN_ABOUT_RETURN_TYPE = YES_ERROR;
				GCC_WARN_UNDECLARED_SELECTOR = YES;
				GCC_WARN_UNINITIALIZED_AUTOS = YES_AGGRESSIVE;
				GCC_WARN_UNUSED_FUNCTION = YES;
				GCC_WARN_UNUSED_VARIABLE = YES;
				MACOSX_DEPLOYMENT_TARGET = 10.11;
				MTL_ENABLE_DEBUG_INFO = YES;
				ONLY_ACTIVE_ARCH = YES;
				SDKROOT = macosx;
			};
			name = Debug;
		};
		665FE93E1E64CD0600886555 /* Release */ = {
			isa = XCBuildConfiguration;
			buildSettings = {
				ALWAYS_SEARCH_USER_PATHS = NO;
				CLANG_ANALYZER_NONNULL = YES;
				CLANG_CXX_LANGUAGE_STANDARD = "gnu++0x";
				CLANG_CXX_LIBRARY = "libc++";
				CLANG_ENABLE_MODULES = YES;
				CLANG_ENABLE_OBJC_ARC = YES;
				CLANG_WARN_BOOL_CONVERSION = YES;
				CLANG_WARN_CONSTANT_CONVERSION = YES;
				CLANG_WARN_DIRECT_OBJC_ISA_USAGE = YES_ERROR;
				CLANG_WARN_DOCUMENTATION_COMMENTS = YES;
				CLANG_WARN_EMPTY_BODY = YES;
				CLANG_WARN_ENUM_CONVERSION = YES;
				CLANG_WARN_INFINITE_RECURSION = YES;
				CLANG_WARN_INT_CONVERSION = YES;
				CLANG_WARN_OBJC_ROOT_CLASS = YES_ERROR;
				CLANG_WARN_SUSPICIOUS_MOVES = YES;
				CLANG_WARN_UNREACHABLE_CODE = YES;
				CLANG_WARN__DUPLICATE_METHOD_MATCH = YES;
				CODE_SIGN_IDENTITY = "-";
				COPY_PHASE_STRIP = NO;
				DEBUG_INFORMATION_FORMAT = "dwarf-with-dsym";
				ENABLE_NS_ASSERTIONS = NO;
				ENABLE_STRICT_OBJC_MSGSEND = YES;
				GCC_C_LANGUAGE_STANDARD = gnu99;
				GCC_NO_COMMON_BLOCKS = YES;
				GCC_WARN_64_TO_32_BIT_CONVERSION = YES;
				GCC_WARN_ABOUT_RETURN_TYPE = YES_ERROR;
				GCC_WARN_UNDECLARED_SELECTOR = YES;
				GCC_WARN_UNINITIALIZED_AUTOS = YES_AGGRESSIVE;
				GCC_WARN_UNUSED_FUNCTION = YES;
				GCC_WARN_UNUSED_VARIABLE = YES;
				MACOSX_DEPLOYMENT_TARGET = 10.11;
				MTL_ENABLE_DEBUG_INFO = NO;
				SDKROOT = macosx;
			};
			name = Release;
		};
		665FE9401E64CD0600886555 /* Debug */ = {
			isa = XCBuildConfiguration;
			buildSettings = {
				DEVELOPMENT_TEAM = BGK9MRGT49;
				HEADER_SEARCH_PATHS = /usr/local/include;
				LIBRARY_SEARCH_PATHS = /usr/local/lib;
				OTHER_LDFLAGS = "-lGLEW";
				PRODUCT_NAME = "$(TARGET_NAME)";
			};
			name = Debug;
		};
		665FE9411E64CD0600886555 /* Release */ = {
			isa = XCBuildConfiguration;
			buildSettings = {
				DEVELOPMENT_TEAM = BGK9MRGT49;
				HEADER_SEARCH_PATHS = /usr/local/include;
				LIBRARY_SEARCH_PATHS = /usr/local/lib;
				OTHER_LDFLAGS = "-lGLEW";
				PRODUCT_NAME = "$(TARGET_NAME)";
			};
			name = Release;
		};
/* End XCBuildConfiguration section */

/* Begin XCConfigurationList section */
		665FE9331E64CD0600886555 /* Build configuration list for PBXProject "EEC277_Project" */ = {
			isa = XCConfigurationList;
			buildConfigurations = (
				665FE93D1E64CD0600886555 /* Debug */,
				665FE93E1E64CD0600886555 /* Release */,
			);
			defaultConfigurationIsVisible = 0;
			defaultConfigurationName = Release;
		};
		665FE93F1E64CD0600886555 /* Build configuration list for PBXNativeTarget "EEC277_Project" */ = {
			isa = XCConfigurationList;
			buildConfigurations = (
				665FE9401E64CD0600886555 /* Debug */,
				665FE9411E64CD0600886555 /* Release */,
			);
			defaultConfigurationIsVisible = 0;
			defaultConfigurationName = Release;
		};
/* End XCConfigurationList section */
	};
	rootObject = 665FE9301E64CD0600886555 /* Project object */;
}
